
Microsoft Visual Studio Solution File, Format Version 12.00
# Visual Studio Version 16
VisualStudioVersion = 16.0.31624.102
MinimumVisualStudioVersion = 10.0.40219.1
Project("{FAE04EC0-301F-11D3-BF4B-00C04F79EFBC}") = "Employee.Api", "EmployeeManagementCleanArchitecture\Employee.Api.csproj", "{8314F10B-9281-4F46-85ED-B6AA5B26931F}"
EndProject
Project("{FAE04EC0-301F-11D3-BF4B-00C04F79EFBC}") = "Employee.Application", "Employee.Application\Employee.Application.csproj", "{C355BAAE-2023-4808-820E-ADCC5858825F}"
EndProject
Project("{FAE04EC0-301F-11D3-BF4B-00C04F79EFBC}") = "Employee.Core", "Employee.Core\Employee.Core.csproj", "{112C9BB7-1717-44BD-8C2B-F0BDDC0F271B}"
EndProject
Project("{FAE04EC0-301F-11D3-BF4B-00C04F79EFBC}") = "Employee.Infrastructure", "Employee.Infrastructure\Employee.Infrastructure.csproj", "{9CF7EFA0-59D7-497B-9DC7-EEC9D0A7713D}"
EndProject
Global
	GlobalSection(SolutionConfigurationPlatforms) = preSolution
		Debug|Any CPU = Debug|Any CPU
		Release|Any CPU = Release|Any CPU
	EndGlobalSection
	GlobalSection(ProjectConfigurationPlatforms) = postSolution
		{8314F10B-9281-4F46-85ED-B6AA5B26931F}.Debug|Any CPU.ActiveCfg = Debug|Any CPU
		{8314F10B-9281-4F46-85ED-B6AA5B26931F}.Debug|Any CPU.Build.0 = Debug|Any CPU
		{8314F10B-9281-4F46-85ED-B6AA5B26931F}.Release|Any CPU.ActiveCfg = Release|Any CPU
		{8314F10B-9281-4F46-85ED-B6AA5B26931F}.Release|Any CPU.Build.0 = Release|Any CPU
		{C355BAAE-2023-4808-820E-ADCC5858825F}.Debug|Any CPU.ActiveCfg = Debug|Any CPU
		{C355BAAE-2023-4808-820E-ADCC5858825F}.Debug|Any CPU.Build.0 = Debug|Any CPU
		{C355BAAE-2023-4808-820E-ADCC5858825F}.Release|Any CPU.ActiveCfg = Release|Any CPU
		{C355BAAE-2023-4808-820E-ADCC5858825F}.Release|Any CPU.Build.0 = Release|Any CPU
		{112C9BB7-1717-44BD-8C2B-F0BDDC0F271B}.Debug|Any CPU.ActiveCfg = Debug|Any CPU
		{112C9BB7-1717-44BD-8C2B-F0BDDC0F271B}.Debug|Any CPU.Build.0 = Debug|Any CPU
		{112C9BB7-1717-44BD-8C2B-F0BDDC0F271B}.Release|Any CPU.ActiveCfg = Release|Any CPU
		{112C9BB7-1717-44BD-8C2B-F0BDDC0F271B}.Release|Any CPU.Build.0 = Release|Any CPU
		{9CF7EFA0-59D7-497B-9DC7-EEC9D0A7713D}.Debug|Any CPU.ActiveCfg = Debug|Any CPU
		{9CF7EFA0-59D7-497B-9DC7-EEC9D0A7713D}.Debug|Any CPU.Build.0 = Debug|Any CPU
		{9CF7EFA0-59D7-497B-9DC7-EEC9D0A7713D}.Release|Any CPU.ActiveCfg = Release|Any CPU
		{9CF7EFA0-59D7-497B-9DC7-EEC9D0A7713D}.Release|Any CPU.Build.0 = Release|Any CPU
	EndGlobalSection
	GlobalSection(SolutionProperties) = preSolution
		HideSolutionNode = FALSE
	EndGlobalSection
	GlobalSection(ExtensibilityGlobals) = postSolution
		SolutionGuid = {5D87067D-798B-4173-87BB-33A045C973FF}
	EndGlobalSection
EndGlobal
